lockfileVersion: '9.0'

settings:
  autoInstallPeers: true
  excludeLinksFromLockfile: false

importers:

  .:
    devDependencies:
      '@biomejs/biome':
        specifier: 2.3.8
        version: 2.3.8
      '@gitbeaker/rest':
        specifier: ^43.8.0
        version: 43.8.0
      '@nestjs/common':
        specifier: ^11.1.9
        version: 11.1.9(reflect-metadata@0.2.2)(rxjs@7.8.2)
      '@types/node':
        specifier: ^24.10.1
        version: 24.10.1
      tsdown:
        specifier: 0.17.0-beta.5
        version: 0.17.0-beta.5(typescript@5.9.3)
      typescript:
        specifier: ^5.9.3
        version: 5.9.3

packages:

  '@babel/generator@7.28.5':
    resolution: {integrity: sha512-3EwLFhZ38J4VyIP6WNtt2kUdW9dokXA9Cr4IVIFHuCpZ3H8/YFOl5JjZHisrn1fATPBmKKqXzDFvh9fUwHz6CQ==}
    engines: {node: '>=6.9.0'}

  '@babel/helper-string-parser@7.27.1':
    resolution: {integrity: sha512-qMlSxKbpRlAridDExk92nSobyDdpPijUq2DW6oDnUqd0iOGxmQjyqhMIihI9+zv4LPyZdRje2cavWPbCbWm3eA==}
    engines: {node: '>=6.9.0'}

  '@babel/helper-validator-identifier@7.28.5':
    resolution: {integrity: sha512-qSs4ifwzKJSV39ucNjsvc6WVHs6b7S03sOh2OcHF9UHfVPqWWALUsNUVzhSBiItjRZoLHx7nIarVjqKVusUZ1Q==}
    engines: {node: '>=6.9.0'}

  '@babel/parser@7.28.5':
    resolution: {integrity: sha512-KKBU1VGYR7ORr3At5HAtUQ+TV3SzRCXmA/8OdDZiLDBIZxVyzXuztPjfLd3BV1PRAQGCMWWSHYhL0F8d5uHBDQ==}
    engines: {node: '>=6.0.0'}
    hasBin: true

  '@babel/types@7.28.5':
    resolution: {integrity: sha512-qQ5m48eI/MFLQ5PxQj4PFaprjyCTLI37ElWMmNs0K8Lk3dVeOdNpB3ks8jc7yM5CDmVC73eMVk/trk3fgmrUpA==}
    engines: {node: '>=6.9.0'}

  '@biomejs/biome@2.3.8':
    resolution: {integrity: sha512-Qjsgoe6FEBxWAUzwFGFrB+1+M8y/y5kwmg5CHac+GSVOdmOIqsAiXM5QMVGZJ1eCUCLlPZtq4aFAQ0eawEUuUA==}
    engines: {node: '>=14.21.3'}
    hasBin: true

  '@biomejs/cli-darwin-arm64@2.3.8':
    resolution: {integrity: sha512-HM4Zg9CGQ3txTPflxD19n8MFPrmUAjaC7PQdLkugeeC0cQ+PiVrd7i09gaBS/11QKsTDBJhVg85CEIK9f50Qww==}
    engines: {node: '>=14.21.3'}
    cpu: [arm64]
    os: [darwin]

  '@biomejs/cli-darwin-x64@2.3.8':
    resolution: {integrity: sha512-lUDQ03D7y/qEao7RgdjWVGCu+BLYadhKTm40HkpJIi6kn8LSv5PAwRlew/DmwP4YZ9ke9XXoTIQDO1vAnbRZlA==}
    engines: {node: '>=14.21.3'}
    cpu: [x64]
    os: [darwin]

  '@biomejs/cli-linux-arm64-musl@2.3.8':
    resolution: {integrity: sha512-PShR4mM0sjksUMyxbyPNMxoKFPVF48fU8Qe8Sfx6w6F42verbwRLbz+QiKNiDPRJwUoMG1nPM50OBL3aOnTevA==}
    engines: {node: '>=14.21.3'}
    cpu: [arm64]
    os: [linux]

  '@biomejs/cli-linux-arm64@2.3.8':
    resolution: {integrity: sha512-Uo1OJnIkJgSgF+USx970fsM/drtPcQ39I+JO+Fjsaa9ZdCN1oysQmy6oAGbyESlouz+rzEckLTF6DS7cWse95g==}
    engines: {node: '>=14.21.3'}
    cpu: [arm64]
    os: [linux]

  '@biomejs/cli-linux-x64-musl@2.3.8':
    resolution: {integrity: sha512-YGLkqU91r1276uwSjiUD/xaVikdxgV1QpsicT0bIA1TaieM6E5ibMZeSyjQ/izBn4tKQthUSsVZacmoJfa3pDA==}
    engines: {node: '>=14.21.3'}
    cpu: [x64]
    os: [linux]

  '@biomejs/cli-linux-x64@2.3.8':
    resolution: {integrity: sha512-QDPMD5bQz6qOVb3kiBui0zKZXASLo0NIQ9JVJio5RveBEFgDgsvJFUvZIbMbUZT3T00M/1wdzwWXk4GIh0KaAw==}
    engines: {node: '>=14.21.3'}
    cpu: [x64]
    os: [linux]

  '@biomejs/cli-win32-arm64@2.3.8':
    resolution: {integrity: sha512-H4IoCHvL1fXKDrTALeTKMiE7GGWFAraDwBYFquE/L/5r1927Te0mYIGseXi4F+lrrwhSWbSGt5qPFswNoBaCxg==}
    engines: {node: '>=14.21.3'}
    cpu: [arm64]
    os: [win32]

  '@biomejs/cli-win32-x64@2.3.8':
    resolution: {integrity: sha512-RguzimPoZWtBapfKhKjcWXBVI91tiSprqdBYu7tWhgN8pKRZhw24rFeNZTNf6UiBfjCYCi9eFQs/JzJZIhuK4w==}
    engines: {node: '>=14.21.3'}
    cpu: [x64]
    os: [win32]

  '@borewit/text-codec@0.1.1':
    resolution: {integrity: sha512-5L/uBxmjaCIX5h8Z+uu+kA9BQLkc/Wl06UGR5ajNRxu+/XjonB5i8JpgFMrPj3LXTCPA0pv8yxUvbUi+QthGGA==}

  '@emnapi/core@1.7.1':
    resolution: {integrity: sha512-o1uhUASyo921r2XtHYOHy7gdkGLge8ghBEQHMWmyJFoXlpU58kIrhhN3w26lpQb6dspetweapMn2CSNwQ8I4wg==}

  '@emnapi/runtime@1.7.1':
    resolution: {integrity: sha512-PVtJr5CmLwYAU9PZDMITZoR5iAOShYREoR45EyyLrbntV50mdePTgUn4AmOw90Ifcj+x2kRjdzr1HP3RrNiHGA==}

  '@emnapi/wasi-threads@1.1.0':
    resolution: {integrity: sha512-WI0DdZ8xFSbgMjR1sFsKABJ/C5OnRrjT06JXbZKexJGrDuPTzZdDYfFlsgcCXCyf+suG5QU2e/y1Wo2V/OapLQ==}

  '@gitbeaker/core@43.8.0':
    resolution: {integrity: sha512-H+LfKuf4dExBinb79c+CXViRBvTVQNf5BYLNSizm2SiqdED5JruhKX88payefleY0szp7G/mySlFSXPyGRH1dQ==}
    engines: {node: '>=18.20.0'}

  '@gitbeaker/requester-utils@43.8.0':
    resolution: {integrity: sha512-d/SiJdxijc+aH5ZBQOw83XLxNSXqsBZNm5k3nPu1EHxGxK0fajXmxdMl0/vNXbKRggnIquFCxURkrQSEzfjqxQ==}
    engines: {node: '>=18.20.0'}

  '@gitbeaker/rest@43.8.0':
    resolution: {integrity: sha512-xxqsNsUXaFang9b2e/NTIgqUeuUlifA2Opy1mOVqTDuJZZNIOTgUNyziwBJoleBhMC0XuvY3JNVMWthufcVjRw==}
    engines: {node: '>=18.20.0'}

  '@jridgewell/gen-mapping@0.3.13':
    resolution: {integrity: sha512-2kkt/7niJ6MgEPxF0bYdQ6etZaA+fQvDcLKckhy1yIQOzaoKjBBjSj63/aLVjYE3qhRt5dvM+uUyfCg6UKCBbA==}

  '@jridgewell/resolve-uri@3.1.2':
    resolution: {integrity: sha512-bRISgCIjP20/tbWSPWMEi54QVPRZExkuD9lJL+UIxUKtwVJA8wW1Trb1jMs1RFXo1CBTNZ/5hpC9QvmKWdopKw==}
    engines: {node: '>=6.0.0'}

  '@jridgewell/sourcemap-codec@1.5.5':
    resolution: {integrity: sha512-cYQ9310grqxueWbl+WuIUIaiUaDcj7WOq5fVhEljNVgRfOUhY9fy2zTvfoqWsnebh8Sl70VScFbICvJnLKB0Og==}

  '@jridgewell/trace-mapping@0.3.31':
    resolution: {integrity: sha512-zzNR+SdQSDJzc8joaeP8QQoCQr8NuYx2dIIytl1QeBEZHJ9uW6hebsrYgbz8hJwUQao3TWCMtmfV8Nu1twOLAw==}

  '@lukeed/csprng@1.1.0':
    resolution: {integrity: sha512-Z7C/xXCiGWsg0KuKsHTKJxbWhpI3Vs5GwLfOean7MGyVFGqdRgBbAjOCh6u4bbjPc/8MJ2pZmK/0DLdCbivLDA==}
    engines: {node: '>=8'}

  '@napi-rs/wasm-runtime@1.1.0':
    resolution: {integrity: sha512-Fq6DJW+Bb5jaWE69/qOE0D1TUN9+6uWhCeZpdnSBk14pjLcCWR7Q8n49PTSPHazM37JqrsdpEthXy2xn6jWWiA==}

  '@nestjs/common@11.1.9':
    resolution: {integrity: sha512-zDntUTReRbAThIfSp3dQZ9kKqI+LjgLp5YZN5c1bgNRDuoeLySAoZg46Bg1a+uV8TMgIRziHocglKGNzr6l+bQ==}
    peerDependencies:
      class-transformer: '>=0.4.1'
      class-validator: '>=0.13.2'
      reflect-metadata: ^0.1.12 || ^0.2.0
      rxjs: ^7.1.0
    peerDependenciesMeta:
      class-transformer:
        optional: true
      class-validator:
        optional: true

  '@oxc-project/runtime@0.99.0':
    resolution: {integrity: sha512-8iE5/4OK0SLHqWzRxSvI1gjFPmIH6718s8iwkuco95rBZsCZIHq+5wy4lYsASxnH+8FOhbGndiUrcwsVG5i2zw==}
    engines: {node: ^20.19.0 || >=22.12.0}

  '@oxc-project/types@0.99.0':
    resolution: {integrity: sha512-LLDEhXB7g1m5J+woRSgfKsFPS3LhR9xRhTeIoEBm5WrkwMxn6eZ0Ld0c0K5eHB57ChZX6I3uSmmLjZ8pcjlRcw==}

  '@quansync/fs@0.1.5':
    resolution: {integrity: sha512-lNS9hL2aS2NZgNW7BBj+6EBl4rOf8l+tQ0eRY6JWCI8jI2kc53gSoqbjojU0OnAWhzoXiOjFyGsHcDGePB3lhA==}

  '@rolldown/binding-android-arm64@1.0.0-beta.52':
    resolution: {integrity: sha512-MBGIgysimZPqTDcLXI+i9VveijkP5C3EAncEogXhqfax6YXj1Tr2LY3DVuEOMIjWfMPMhtQSPup4fSTAmgjqIw==}
    engines: {node: ^20.19.0 || >=22.12.0}
    cpu: [arm64]
    os: [android]

  '@rolldown/binding-darwin-arm64@1.0.0-beta.52':
    resolution: {integrity: sha512-MmKeoLnKu1d9j6r19K8B+prJnIZ7u+zQ+zGQ3YHXGnr41rzE3eqQLovlkvoZnRoxDGPA4ps0pGiwXy6YE3lJyg==}
    engines: {node: ^20.19.0 || >=22.12.0}
    cpu: [arm64]
    os: [darwin]

  '@rolldown/binding-darwin-x64@1.0.0-beta.52':
    resolution: {integrity: sha512-qpHedvQBmIjT8zdnjN3nWPR2qjQyJttbXniCEKKdHeAbZG9HyNPBUzQF7AZZGwmS9coQKL+hWg9FhWzh2dZ2IA==}
    engines: {node: ^20.19.0 || >=22.12.0}
    cpu: [x64]
    os: [darwin]

  '@rolldown/binding-freebsd-x64@1.0.0-beta.52':
    resolution: {integrity: sha512-dDp7WbPapj/NVW0LSiH/CLwMhmLwwKb3R7mh2kWX+QW85X1DGVnIEyKh9PmNJjB/+suG1dJygdtdNPVXK1hylg==}
    engines: {node: ^20.19.0 || >=22.12.0}
    cpu: [x64]
    os: [freebsd]

  '@rolldown/binding-linux-arm-gnueabihf@1.0.0-beta.52':
    resolution: {integrity: sha512-9e4l6vy5qNSliDPqNfR6CkBOAx6PH7iDV4OJiEJzajajGrVy8gc/IKKJUsoE52G8ud8MX6r3PMl97NfwgOzB7g==}
    engines: {node: ^20.19.0 || >=22.12.0}
    cpu: [arm]
    os: [linux]

  '@rolldown/binding-linux-arm64-gnu@1.0.0-beta.52':
    resolution: {integrity: sha512-V48oDR84feRU2KRuzpALp594Uqlx27+zFsT6+BgTcXOtu7dWy350J1G28ydoCwKB+oxwsRPx2e7aeQnmd3YJbQ==}
    engines: {node: ^20.19.0 || >=22.12.0}
    cpu: [arm64]
    os: [linux]

  '@rolldown/binding-linux-arm64-musl@1.0.0-beta.52':
    resolution: {integrity: sha512-ENLmSQCWqSA/+YN45V2FqTIemg7QspaiTjlm327eUAMeOLdqmSOVVyrQexJGNTQ5M8sDYCgVAig2Kk01Ggmqaw==}
    engines: {node: ^20.19.0 || >=22.12.0}
    cpu: [arm64]
    os: [linux]

  '@rolldown/binding-linux-x64-gnu@1.0.0-beta.52':
    resolution: {integrity: sha512-klahlb2EIFltSUubn/VLjuc3qxp1E7th8ukayPfdkcKvvYcQ5rJztgx8JsJSuAKVzKtNTqUGOhy4On71BuyV8g==}
    engines: {node: ^20.19.0 || >=22.12.0}
    cpu: [x64]
    os: [linux]

  '@rolldown/binding-linux-x64-musl@1.0.0-beta.52':
    resolution: {integrity: sha512-UuA+JqQIgqtkgGN2c/AQ5wi8M6mJHrahz/wciENPTeI6zEIbbLGoth5XN+sQe2pJDejEVofN9aOAp0kaazwnVg==}
    engines: {node: ^20.19.0 || >=22.12.0}
    cpu: [x64]
    os: [linux]

  '@rolldown/binding-openharmony-arm64@1.0.0-beta.52':
    resolution: {integrity: sha512-1BNQW8u4ro8bsN1+tgKENJiqmvc+WfuaUhXzMImOVSMw28pkBKdfZtX2qJPADV3terx+vNJtlsgSGeb3+W6Jiw==}
    engines: {node: ^20.19.0 || >=22.12.0}
    cpu: [arm64]
    os: [openharmony]

  '@rolldown/binding-wasm32-wasi@1.0.0-beta.52':
    resolution: {integrity: sha512-K/p7clhCqJOQpXGykrFaBX2Dp9AUVIDHGc+PtFGBwg7V+mvBTv/tsm3LC3aUmH02H2y3gz4y+nUTQ0MLpofEEg==}
    engines: {node: '>=14.0.0'}
    cpu: [wasm32]

  '@rolldown/binding-win32-arm64-msvc@1.0.0-beta.52':
    resolution: {integrity: sha512-a4EkXBtnYYsKipjS7QOhEBM4bU5IlR9N1hU+JcVEVeuTiaslIyhWVKsvf7K2YkQHyVAJ+7/A9BtrGqORFcTgng==}
    engines: {node: ^20.19.0 || >=22.12.0}
    cpu: [arm64]
    os: [win32]

  '@rolldown/binding-win32-ia32-msvc@1.0.0-beta.52':
    resolution: {integrity: sha512-5ZXcYyd4GxPA6QfbGrNcQjmjbuLGvfz6728pZMsQvGHI+06LT06M6TPtXvFvLgXtexc+OqvFe1yAIXJU1gob/w==}
    engines: {node: ^20.19.0 || >=22.12.0}
    cpu: [ia32]
    os: [win32]

  '@rolldown/binding-win32-x64-msvc@1.0.0-beta.52':
    resolution: {integrity: sha512-tzpnRQXJrSzb8Z9sm97UD3cY0toKOImx+xRKsDLX4zHaAlRXWh7jbaKBePJXEN7gNw7Nm03PBNwphdtA8KSUYQ==}
    engines: {node: ^20.19.0 || >=22.12.0}
    cpu: [x64]
    os: [win32]

  '@rolldown/pluginutils@1.0.0-beta.52':
    resolution: {integrity: sha512-/L0htLJZbaZFL1g9OHOblTxbCYIGefErJjtYOwgl9ZqNx27P3L0SDfjhhHIss32gu5NWgnxuT2a2Hnnv6QGHKA==}

  '@tokenizer/inflate@0.3.1':
    resolution: {integrity: sha512-4oeoZEBQdLdt5WmP/hx1KZ6D3/Oid/0cUb2nk4F0pTDAWy+KCH3/EnAkZF/bvckWo8I33EqBm01lIPgmgc8rCA==}
    engines: {node: '>=18'}

  '@tokenizer/token@0.3.0':
    resolution: {integrity: sha512-OvjF+z51L3ov0OyAU0duzsYuvO01PH7x4t6DJx+guahgTnBHkhJdG7soQeTSFLWN3efnHyibZ4Z8l2EuWwJN3A==}

  '@tybys/wasm-util@0.10.1':
    resolution: {integrity: sha512-9tTaPJLSiejZKx+Bmog4uSubteqTvFrVrURwkmHixBo0G4seD0zUxp98E1DzUBJxLQ3NPwXrGKDiVjwx/DpPsg==}

  '@types/node@24.10.1':
    resolution: {integrity: sha512-GNWcUTRBgIRJD5zj+Tq0fKOJ5XZajIiBroOF0yvj2bSU1WvNdYS/dn9UxwsujGW4JX06dnHyjV2y9rRaybH0iQ==}

  ansis@4.2.0:
    resolution: {integrity: sha512-HqZ5rWlFjGiV0tDm3UxxgNRqsOTniqoKZu0pIAfh7TZQMGuZK+hH0drySty0si0QXj1ieop4+SkSfPZBPPkHig==}
    engines: {node: '>=14'}

  ast-kit@2.2.0:
    resolution: {integrity: sha512-m1Q/RaVOnTp9JxPX+F+Zn7IcLYMzM8kZofDImfsKZd8MbR+ikdOzTeztStWqfrqIxZnYWryyI9ePm3NGjnZgGw==}
    engines: {node: '>=20.19.0'}

  birpc@2.8.0:
    resolution: {integrity: sha512-Bz2a4qD/5GRhiHSwj30c/8kC8QGj12nNDwz3D4ErQ4Xhy35dsSDvF+RA/tWpjyU0pdGtSDiEk6B5fBGE1qNVhw==}

  cac@6.7.14:
    resolution: {integrity: sha512-b6Ilus+c3RrdDk+JhLKUAQfzzgLEPy6wcXqS7f/xe1EETvsDP6GORG7SFuOs6cID5YkqchW/LXZbX5bc8j7ZcQ==}
    engines: {node: '>=8'}

  call-bind-apply-helpers@1.0.2:
    resolution: {integrity: sha512-Sp1ablJ0ivDkSzjcaJdxEunN5/XvksFJ2sMBFfq6x0ryhQV/2b/KwFe21cMpmHtPOSij8K99/wSfoEuTObmuMQ==}
    engines: {node: '>= 0.4'}

  call-bound@1.0.4:
    resolution: {integrity: sha512-+ys997U96po4Kx/ABpBCqhA9EuxJaQWDQg7295H4hBphv3IZg0boBKuwYpt4YXp6MZ5AmZQnU/tyMTlRpaSejg==}
    engines: {node: '>= 0.4'}

  debug@4.4.3:
    resolution: {integrity: sha512-RGwwWnwQvkVfavKVt22FGLw+xYSdzARwm0ru6DhTVA3umU5hZc28V3kO4stgYryrTlLpuvgI9GiijltAjNbcqA==}
    engines: {node: '>=6.0'}
    peerDependencies:
      supports-color: '*'
    peerDependenciesMeta:
      supports-color:
        optional: true

  dts-resolver@2.1.3:
    resolution: {integrity: sha512-bihc7jPC90VrosXNzK0LTE2cuLP6jr0Ro8jk+kMugHReJVLIpHz/xadeq3MhuwyO4TD4OA3L1Q8pBBFRc08Tsw==}
    engines: {node: '>=20.19.0'}
    peerDependencies:
      oxc-resolver: '>=11.0.0'
    peerDependenciesMeta:
      oxc-resolver:
        optional: true

  dunder-proto@1.0.1:
    resolution: {integrity: sha512-KIN/nDJBQRcXw0MLVhZE9iQHmG68qAVIBg9CqmUYjmQIhgij9U5MFvrqkUL5FbtyyzZuOeOt0zdeRe4UY7ct+A==}
    engines: {node: '>= 0.4'}

  empathic@2.0.0:
    resolution: {integrity: sha512-i6UzDscO/XfAcNYD75CfICkmfLedpyPDdozrLMmQc5ORaQcdMoc21OnlEylMIqI7U8eniKrPMxxtj8k0vhmJhA==}
    engines: {node: '>=14'}

  es-define-property@1.0.1:
    resolution: {integrity: sha512-e3nRfgfUZ4rNGL232gUgX06QNyyez04KdjFrF+LTRoOXmrOgFKDg4BCdsjW8EnT69eqdYGmRpJwiPVYNrCaW3g==}
    engines: {node: '>= 0.4'}

  es-errors@1.3.0:
    resolution: {integrity: sha512-Zf5H2Kxt2xjTvbJvP2ZWLEICxA6j+hAmMzIlypy4xcBg1vKVnx89Wy0GbS+kf5cwCVFFzdCFh2XSCFNULS6csw==}
    engines: {node: '>= 0.4'}

  es-object-atoms@1.1.1:
    resolution: {integrity: sha512-FGgH2h8zKNim9ljj7dankFPcICIK9Cp5bm+c2gQSYePhpaG5+esrLODihIorn+Pe6FGJzWhXQotPv73jTaldXA==}
    engines: {node: '>= 0.4'}

  fdir@6.5.0:
    resolution: {integrity: sha512-tIbYtZbucOs0BRGqPJkshJUYdL+SDH7dVM8gjy+ERp3WAUjLEFJE+02kanyHtwjWOnwrKYBiwAmM0p4kLJAnXg==}
    engines: {node: '>=12.0.0'}
    peerDependencies:
      picomatch: ^3 || ^4
    peerDependenciesMeta:
      picomatch:
        optional: true

  fflate@0.8.2:
    resolution: {integrity: sha512-cPJU47OaAoCbg0pBvzsgpTPhmhqI5eJjh/JIu8tPj5q+T7iLvW/JAYUqmE7KOB4R1ZyEhzBaIQpQpardBF5z8A==}

  file-type@21.1.0:
    resolution: {integrity: sha512-boU4EHmP3JXkwDo4uhyBhTt5pPstxB6eEXKJBu2yu2l7aAMMm7QQYQEzssJmKReZYrFdFOJS8koVo6bXIBGDqA==}
    engines: {node: '>=20'}

  function-bind@1.1.2:
    resolution: {integrity: sha512-7XHNxH7qX9xG5mIwxkhumTox/MIRNcOgDrxWsMt2pAr23WHp6MrRlN7FBSFpCpr+oVO0F744iUgR82nJMfG2SA==}

  get-intrinsic@1.3.0:
    resolution: {integrity: sha512-9fSjSaos/fRIVIp+xSJlE6lfwhES7LNtKaCBIamHsjr2na1BiABJPo0mOjjz8GJDURarmCPGqaiVg5mfjb98CQ==}
    engines: {node: '>= 0.4'}

  get-proto@1.0.1:
    resolution: {integrity: sha512-sTSfBjoXBp89JvIKIefqw7U2CCebsc74kiY6awiGogKtoSGbgjYE/G/+l9sF3MWFPNc9IcoOC4ODfKHfxFmp0g==}
    engines: {node: '>= 0.4'}

  get-tsconfig@4.13.0:
    resolution: {integrity: sha512-1VKTZJCwBrvbd+Wn3AOgQP/2Av+TfTCOlE4AcRJE72W1ksZXbAx8PPBR9RzgTeSPzlPMHrbANMH3LbltH73wxQ==}

  gopd@1.2.0:
    resolution: {integrity: sha512-ZUKRh6/kUFoAiTAtTYPZJ3hw9wNxx+BIBOijnlG9PnrJsCcSjs1wyyD6vJpaYtgnzDrKYRSqf3OO6Rfa93xsRg==}
    engines: {node: '>= 0.4'}

  has-symbols@1.1.0:
    resolution: {integrity: sha512-1cDNdwJ2Jaohmb3sg4OmKaMBwuC48sYni5HUw2DvsC8LjGTLK9h+eb1X6RyuOHe4hT0ULCW68iomhjUoKUqlPQ==}
    engines: {node: '>= 0.4'}

  hasown@2.0.2:
    resolution: {integrity: sha512-0hJU9SCPvmMzIBdZFqNPXWa6dqh7WdH0cII9y+CyS8rG3nL48Bclra9HmKhVVUHyPWNH5Y7xDwAB7bfgSjkUMQ==}
    engines: {node: '>= 0.4'}

  hookable@5.5.3:
    resolution: {integrity: sha512-Yc+BQe8SvoXH1643Qez1zqLRmbA5rCL+sSmk6TVos0LWVfNIB7PGncdlId77WzLGSIB5KaWgTaNTs2lNVEI6VQ==}

  ieee754@1.2.1:
    resolution: {integrity: sha512-dcyqhDvX1C46lXZcVqCpK+FtMRQVdIMN6/Df5js2zouUsqG7I6sFxitIC+7KYK29KdXOLHdu9zL4sFnoVQnqaA==}

  import-without-cache@0.2.0:
    resolution: {integrity: sha512-I662PbFnhZjlpMQKeOgmZiuCOfMXfdX0Q4vMjDQ9cxIiOKNUzWJobE1FA+5ulKTssXlY6GY8l7hJ6Sy+/I5AEA==}
    engines: {node: '>=20.19.0'}

  iterare@1.2.1:
    resolution: {integrity: sha512-RKYVTCjAnRthyJes037NX/IiqeidgN1xc3j1RjFfECFp28A1GVwK9nA+i0rJPaHqSZwygLzRnFlzUuHFoWWy+Q==}
    engines: {node: '>=6'}

  jsesc@3.1.0:
    resolution: {integrity: sha512-/sM3dO2FOzXjKQhJuo0Q173wf2KOo8t4I8vHy6lF9poUp7bKT0/NHE8fPX23PwfhnykfqnC2xRxOnVw5XuGIaA==}
    engines: {node: '>=6'}
    hasBin: true

  load-esm@1.0.3:
    resolution: {integrity: sha512-v5xlu8eHD1+6r8EHTg6hfmO97LN8ugKtiXcy5e6oN72iD2r6u0RPfLl6fxM+7Wnh2ZRq15o0russMst44WauPA==}
    engines: {node: '>=13.2.0'}

  magic-string@0.30.21:
    resolution: {integrity: sha512-vd2F4YUyEXKGcLHoq+TEyCjxueSeHnFxyyjNp80yg0XV4vUhnDer/lvvlqM/arB5bXQN5K2/3oinyCRyx8T2CQ==}

  math-intrinsics@1.1.0:
    resolution: {integrity: sha512-/IXtbwEk5HTPyEwyKX6hGkYXxM9nbj64B+ilVJnC/R6B0pH5G4V3b0pVbL7DBj4tkhBAppbQUlf6F6Xl9LHu1g==}
    engines: {node: '>= 0.4'}

  ms@2.1.3:
    resolution: {integrity: sha512-6FlzubTLZG3J2a/NVCAleEhjzq5oxgHyaCU9yYXvcLsvoVaHJq/s5xXI6/XXP6tz7R9xAOtHnSO/tXtF3WRTlA==}

  object-inspect@1.13.4:
    resolution: {integrity: sha512-W67iLl4J2EXEGTbfeHCffrjDfitvLANg0UlX3wFUUSTx92KXRFegMHUVgSqE+wvhAbi4WqjGg9czysTV2Epbew==}
    engines: {node: '>= 0.4'}

  obug@2.1.1:
    resolution: {integrity: sha512-uTqF9MuPraAQ+IsnPf366RG4cP9RtUi7MLO1N3KEc+wb0a6yKpeL0lmk2IB1jY5KHPAlTc6T/JRdC/YqxHNwkQ==}

  pathe@2.0.3:
    resolution: {integrity: sha512-WUjGcAqP1gQacoQe+OBJsFA7Ld4DyXuUIjZ5cc75cLHvJ7dtNsTugphxIADwspS+AraAUePCKrSVtPLFj/F88w==}

  picomatch-browser@2.2.6:
    resolution: {integrity: sha512-0ypsOQt9D4e3hziV8O4elD9uN0z/jtUEfxVRtNaAAtXIyUx9m/SzlO020i8YNL2aL/E6blOvvHQcin6HZlFy/w==}
    engines: {node: '>=8.6'}

  picomatch@4.0.3:
    resolution: {integrity: sha512-5gTmgEY/sqK6gFXLIsQNH19lWb4ebPDLA4SdLP7dsWkIXHWlG66oPuVvXSGFPppYZz8ZDZq0dYYrbHfBCVUb1Q==}
    engines: {node: '>=12'}

  qs@6.14.0:
    resolution: {integrity: sha512-YWWTjgABSKcvs/nWBi9PycY/JiPJqOD4JA6o9Sej2AtvSGarXxKC3OQSk4pAarbdQlKAh5D4FCQkJNkW+GAn3w==}
    engines: {node: '>=0.6'}

  quansync@0.2.11:
    resolution: {integrity: sha512-AifT7QEbW9Nri4tAwR5M/uzpBuqfZf+zwaEM/QkzEjj7NBuFD2rBuy0K3dE+8wltbezDV7JMA0WfnCPYRSYbXA==}

  rate-limiter-flexible@8.3.0:
    resolution: {integrity: sha512-mzwlfipDLlRinPgELqVDJetke6Snq26nL565m8nLWXIcWgosYSeNRgqwh7ZrZ4MfYs8CNfmLvR5SBVz3rISQsQ==}

  reflect-metadata@0.2.2:
    resolution: {integrity: sha512-urBwgfrvVP/eAyXx4hluJivBKzuEbSQs9rKWCrCkbSxNv8mxPcUZKeuoF3Uy4mJl3Lwprp6yy5/39VWigZ4K6Q==}

  resolve-pkg-maps@1.0.0:
    resolution: {integrity: sha512-seS2Tj26TBVOC2NIc2rOe2y2ZO7efxITtLZcGSOnHHNOQ7CkiUBfw0Iw2ck6xkIhPwLhKNLS8BO+hEpngQlqzw==}

  rolldown-plugin-dts@0.18.1:
    resolution: {integrity: sha512-uIgNMix6OI+6bSkw0nw6O+G/ydPRCWKwvvcEyL6gWkVkSFVGWWO23DX4ZYVOqC7w5u2c8uPY9Q74U0QCKvegFA==}
    engines: {node: '>=20.19.0'}
    peerDependencies:
      '@ts-macro/tsc': ^0.3.6
      '@typescript/native-preview': '>=7.0.0-dev.20250601.1'
      rolldown: ^1.0.0-beta.51
      typescript: ^5.0.0
      vue-tsc: ~3.1.0
    peerDependenciesMeta:
      '@ts-macro/tsc':
        optional: true
      '@typescript/native-preview':
        optional: true
      typescript:
        optional: true
      vue-tsc:
        optional: true

  rolldown@1.0.0-beta.52:
    resolution: {integrity: sha512-Hbnpljue+JhMJrlOjQ1ixp9me7sUec7OjFvS+A1Qm8k8Xyxmw3ZhxFu7LlSXW1s9AX3POE9W9o2oqCEeR5uDmg==}
    engines: {node: ^20.19.0 || >=22.12.0}
    hasBin: true

  rxjs@7.8.2:
    resolution: {integrity: sha512-dhKf903U/PQZY6boNNtAGdWbG85WAbjT/1xYoZIC7FAY0yWapOBQVsVrDl58W86//e1VpMNBtRV4MaXfdMySFA==}

  semver@7.7.3:
    resolution: {integrity: sha512-SdsKMrI9TdgjdweUSR9MweHA4EJ8YxHn8DFaDisvhVlUOe4BF1tLD7GAj0lIqWVl+dPb/rExr0Btby5loQm20Q==}
    engines: {node: '>=10'}
    hasBin: true

  side-channel-list@1.0.0:
    resolution: {integrity: sha512-FCLHtRD/gnpCiCHEiJLOwdmFP+wzCmDEkc9y7NsYxeF4u7Btsn1ZuwgwJGxImImHicJArLP4R0yX4c2KCrMrTA==}
    engines: {node: '>= 0.4'}

  side-channel-map@1.0.1:
    resolution: {integrity: sha512-VCjCNfgMsby3tTdo02nbjtM/ewra6jPHmpThenkTYh8pG9ucZ/1P8So4u4FGBek/BjpOVsDCMoLA/iuBKIFXRA==}
    engines: {node: '>= 0.4'}

  side-channel-weakmap@1.0.2:
    resolution: {integrity: sha512-WPS/HvHQTYnHisLo9McqBHOJk2FkHO/tlpvldyrnem4aeQp4hai3gythswg6p01oSoTl58rcpiFAjF2br2Ak2A==}
    engines: {node: '>= 0.4'}

  side-channel@1.1.0:
    resolution: {integrity: sha512-ZX99e6tRweoUXqR+VBrslhda51Nh5MTQwou5tnUDgbtyM0dBgmhEDtWGP/xbKn6hqfPRHujUNwz5fy/wbbhnpw==}
    engines: {node: '>= 0.4'}

  strtok3@10.3.4:
    resolution: {integrity: sha512-KIy5nylvC5le1OdaaoCJ07L+8iQzJHGH6pWDuzS+d07Cu7n1MZ2x26P8ZKIWfbK02+XIL8Mp4RkWeqdUCrDMfg==}
    engines: {node: '>=18'}

  tinyexec@1.0.2:
    resolution: {integrity: sha512-W/KYk+NFhkmsYpuHq5JykngiOCnxeVL8v8dFnqxSD8qEEdRfXk1SDM6JzNqcERbcGYj9tMrDQBYV9cjgnunFIg==}
    engines: {node: '>=18'}

  tinyglobby@0.2.15:
    resolution: {integrity: sha512-j2Zq4NyQYG5XMST4cbs02Ak8iJUdxRM0XI5QyxXuZOzKOINmWurp3smXu3y5wDcJrptwpSjgXHzIQxR0omXljQ==}
    engines: {node: '>=12.0.0'}

  token-types@6.1.1:
    resolution: {integrity: sha512-kh9LVIWH5CnL63Ipf0jhlBIy0UsrMj/NJDfpsy1SqOXlLKEVyXXYrnFxFT1yOOYVGBSApeVnjPw/sBz5BfEjAQ==}
    engines: {node: '>=14.16'}

  tree-kill@1.2.2:
    resolution: {integrity: sha512-L0Orpi8qGpRG//Nd+H90vFB+3iHnue1zSSGmNOOCh1GLJ7rUKVwV2HvijphGQS2UmhUZewS9VgvxYIdgr+fG1A==}
    hasBin: true

  tsdown@0.17.0-beta.5:
    resolution: {integrity: sha512-Rmu4kmNsyYA4aI+h2okJKYaxj04pIJHlTxyYRprKWYaR1QOqos+rDfz3N38Sb5kGDXoZJl67Kqokjdk+p5oZ2A==}
    engines: {node: '>=20.19.0'}
    hasBin: true
    peerDependencies:
      '@arethetypeswrong/core': ^0.18.1
      '@vitejs/devtools': ^0.0.0-alpha.18
      publint: ^0.3.0
      typescript: ^5.0.0
      unplugin-lightningcss: ^0.4.0
      unplugin-unused: ^0.5.0
    peerDependenciesMeta:
      '@arethetypeswrong/core':
        optional: true
      '@vitejs/devtools':
        optional: true
      publint:
        optional: true
      typescript:
        optional: true
      unplugin-lightningcss:
        optional: true
      unplugin-unused:
        optional: true

  tslib@2.8.1:
    resolution: {integrity: sha512-oJFu94HQb+KVduSUQL7wnpmqnfmLsOA/nAh6b6EH0wCEoK0/mPeXU6c3wKDV83MkOuHPRHtSXKKU99IBazS/2w==}

  typescript@5.9.3:
    resolution: {integrity: sha512-jl1vZzPDinLr9eUt3J/t7V6FgNEw9QjvBPdysz9KfQDD41fQrC2Y4vKQdiaUpFT4bXlb1RHhLpp8wtm6M5TgSw==}
    engines: {node: '>=14.17'}
    hasBin: true

  uid@2.0.2:
    resolution: {integrity: sha512-u3xV3X7uzvi5b1MncmZo3i2Aw222Zk1keqLA1YkHldREkAhAqi65wuPfe7lHx8H/Wzy+8CE7S7uS3jekIM5s8g==}
    engines: {node: '>=8'}

  uint8array-extras@1.5.0:
    resolution: {integrity: sha512-rvKSBiC5zqCCiDZ9kAOszZcDvdAHwwIKJG33Ykj43OKcWsnmcBRL09YTU4nOeHZ8Y2a7l1MgTd08SBe9A8Qj6A==}
    engines: {node: '>=18'}

  unconfig-core@7.4.1:
    resolution: {integrity: sha512-Bp/bPZjV2Vl/fofoA2OYLSnw1Z0MOhCX7zHnVCYrazpfZvseBbGhwcNQMxsg185Mqh7VZQqK3C8hFG/Dyng+yA==}

  undici-types@7.16.0:
    resolution: {integrity: sha512-Zz+aZWSj8LE6zoxD+xrjh4VfkIG8Ya6LvYkZqtUQGJPZjYl53ypCaUwWqo7eI0x66KBGeRo+mlBEkMSeSZ38Nw==}

  unrun@0.2.15:
    resolution: {integrity: sha512-UZ653WcLSK33meAX3nHXgD1JJ+t4RGa8WIzv9Dr4Y5ahhILZ5UIvObkVauKmtwwZ8Lsin3hUfso2UlzIwOiCNA==}
    engines: {node: '>=20.19.0'}
    hasBin: true
    peerDependencies:
      synckit: ^0.11.11
    peerDependenciesMeta:
      synckit:
        optional: true

  xcase@2.0.1:
    resolution: {integrity: sha512-UmFXIPU+9Eg3E9m/728Bii0lAIuoc+6nbrNUKaRPJOFp91ih44qqGlWtxMB6kXFrRD6po+86ksHM5XHCfk6iPw==}

snapshots:

  '@babel/generator@7.28.5':
    dependencies:
      '@babel/parser': 7.28.5
      '@babel/types': 7.28.5
      '@jridgewell/gen-mapping': 0.3.13
      '@jridgewell/trace-mapping': 0.3.31
      jsesc: 3.1.0

  '@babel/helper-string-parser@7.27.1': {}

  '@babel/helper-validator-identifier@7.28.5': {}

  '@babel/parser@7.28.5':
    dependencies:
      '@babel/types': 7.28.5

  '@babel/types@7.28.5':
    dependencies:
      '@babel/helper-string-parser': 7.27.1
      '@babel/helper-validator-identifier': 7.28.5

  '@biomejs/biome@2.3.8':
    optionalDependencies:
      '@biomejs/cli-darwin-arm64': 2.3.8
      '@biomejs/cli-darwin-x64': 2.3.8
      '@biomejs/cli-linux-arm64': 2.3.8
      '@biomejs/cli-linux-arm64-musl': 2.3.8
      '@biomejs/cli-linux-x64': 2.3.8
      '@biomejs/cli-linux-x64-musl': 2.3.8
      '@biomejs/cli-win32-arm64': 2.3.8
      '@biomejs/cli-win32-x64': 2.3.8

  '@biomejs/cli-darwin-arm64@2.3.8':
    optional: true

  '@biomejs/cli-darwin-x64@2.3.8':
    optional: true

  '@biomejs/cli-linux-arm64-musl@2.3.8':
    optional: true

  '@biomejs/cli-linux-arm64@2.3.8':
    optional: true

  '@biomejs/cli-linux-x64-musl@2.3.8':
    optional: true

  '@biomejs/cli-linux-x64@2.3.8':
    optional: true

  '@biomejs/cli-win32-arm64@2.3.8':
    optional: true

  '@biomejs/cli-win32-x64@2.3.8':
    optional: true

  '@borewit/text-codec@0.1.1': {}

  '@emnapi/core@1.7.1':
    dependencies:
      '@emnapi/wasi-threads': 1.1.0
      tslib: 2.8.1
    optional: true

  '@emnapi/runtime@1.7.1':
    dependencies:
      tslib: 2.8.1
    optional: true

  '@emnapi/wasi-threads@1.1.0':
    dependencies:
      tslib: 2.8.1
    optional: true

  '@gitbeaker/core@43.8.0':
    dependencies:
      '@gitbeaker/requester-utils': 43.8.0
      qs: 6.14.0
      xcase: 2.0.1

  '@gitbeaker/requester-utils@43.8.0':
    dependencies:
      picomatch-browser: 2.2.6
      qs: 6.14.0
      rate-limiter-flexible: 8.3.0
      xcase: 2.0.1

  '@gitbeaker/rest@43.8.0':
    dependencies:
      '@gitbeaker/core': 43.8.0
      '@gitbeaker/requester-utils': 43.8.0

  '@jridgewell/gen-mapping@0.3.13':
    dependencies:
      '@jridgewell/sourcemap-codec': 1.5.5
      '@jridgewell/trace-mapping': 0.3.31

  '@jridgewell/resolve-uri@3.1.2': {}

  '@jridgewell/sourcemap-codec@1.5.5': {}

  '@jridgewell/trace-mapping@0.3.31':
    dependencies:
      '@jridgewell/resolve-uri': 3.1.2
      '@jridgewell/sourcemap-codec': 1.5.5

  '@lukeed/csprng@1.1.0': {}

  '@napi-rs/wasm-runtime@1.1.0':
    dependencies:
      '@emnapi/core': 1.7.1
      '@emnapi/runtime': 1.7.1
      '@tybys/wasm-util': 0.10.1
    optional: true

  '@nestjs/common@11.1.9(reflect-metadata@0.2.2)(rxjs@7.8.2)':
    dependencies:
      file-type: 21.1.0
      iterare: 1.2.1
      load-esm: 1.0.3
      reflect-metadata: 0.2.2
      rxjs: 7.8.2
      tslib: 2.8.1
      uid: 2.0.2
    transitivePeerDependencies:
      - supports-color

  '@oxc-project/runtime@0.99.0': {}

  '@oxc-project/types@0.99.0': {}

  '@quansync/fs@0.1.5':
    dependencies:
      quansync: 0.2.11

  '@rolldown/binding-android-arm64@1.0.0-beta.52':
    optional: true

  '@rolldown/binding-darwin-arm64@1.0.0-beta.52':
    optional: true

  '@rolldown/binding-darwin-x64@1.0.0-beta.52':
    optional: true

  '@rolldown/binding-freebsd-x64@1.0.0-beta.52':
    optional: true

  '@rolldown/binding-linux-arm-gnueabihf@1.0.0-beta.52':
    optional: true

  '@rolldown/binding-linux-arm64-gnu@1.0.0-beta.52':
    optional: true

  '@rolldown/binding-linux-arm64-musl@1.0.0-beta.52':
    optional: true

  '@rolldown/binding-linux-x64-gnu@1.0.0-beta.52':
    optional: true

  '@rolldown/binding-linux-x64-musl@1.0.0-beta.52':
    optional: true

  '@rolldown/binding-openharmony-arm64@1.0.0-beta.52':
    optional: true

  '@rolldown/binding-wasm32-wasi@1.0.0-beta.52':
    dependencies:
      '@napi-rs/wasm-runtime': 1.1.0
    optional: true

  '@rolldown/binding-win32-arm64-msvc@1.0.0-beta.52':
    optional: true

  '@rolldown/binding-win32-ia32-msvc@1.0.0-beta.52':
    optional: true

  '@rolldown/binding-win32-x64-msvc@1.0.0-beta.52':
    optional: true

  '@rolldown/pluginutils@1.0.0-beta.52': {}

  '@tokenizer/inflate@0.3.1':
    dependencies:
      debug: 4.4.3
      fflate: 0.8.2
      token-types: 6.1.1
    transitivePeerDependencies:
      - supports-color

  '@tokenizer/token@0.3.0': {}

  '@tybys/wasm-util@0.10.1':
    dependencies:
      tslib: 2.8.1
    optional: true

  '@types/node@24.10.1':
    dependencies:
      undici-types: 7.16.0

  ansis@4.2.0: {}

  ast-kit@2.2.0:
    dependencies:
      '@babel/parser': 7.28.5
      pathe: 2.0.3

  birpc@2.8.0: {}

  cac@6.7.14: {}

  call-bind-apply-helpers@1.0.2:
    dependencies:
      es-errors: 1.3.0
      function-bind: 1.1.2

  call-bound@1.0.4:
    dependencies:
      call-bind-apply-helpers: 1.0.2
      get-intrinsic: 1.3.0

  debug@4.4.3:
    dependencies:
      ms: 2.1.3

  dts-resolver@2.1.3: {}

  dunder-proto@1.0.1:
    dependencies:
      call-bind-apply-helpers: 1.0.2
      es-errors: 1.3.0
      gopd: 1.2.0

  empathic@2.0.0: {}

  es-define-property@1.0.1: {}

  es-errors@1.3.0: {}

  es-object-atoms@1.1.1:
    dependencies:
      es-errors: 1.3.0

  fdir@6.5.0(picomatch@4.0.3):
    optionalDependencies:
      picomatch: 4.0.3

  fflate@0.8.2: {}

  file-type@21.1.0:
    dependencies:
      '@tokenizer/inflate': 0.3.1
      strtok3: 10.3.4
      token-types: 6.1.1
      uint8array-extras: 1.5.0
    transitivePeerDependencies:
      - supports-color

  function-bind@1.1.2: {}

  get-intrinsic@1.3.0:
    dependencies:
      call-bind-apply-helpers: 1.0.2
      es-define-property: 1.0.1
      es-errors: 1.3.0
      es-object-atoms: 1.1.1
      function-bind: 1.1.2
      get-proto: 1.0.1
      gopd: 1.2.0
      has-symbols: 1.1.0
      hasown: 2.0.2
      math-intrinsics: 1.1.0

  get-proto@1.0.1:
    dependencies:
      dunder-proto: 1.0.1
      es-object-atoms: 1.1.1

  get-tsconfig@4.13.0:
    dependencies:
      resolve-pkg-maps: 1.0.0

  gopd@1.2.0: {}

  has-symbols@1.1.0: {}

  hasown@2.0.2:
    dependencies:
      function-bind: 1.1.2

  hookable@5.5.3: {}

  ieee754@1.2.1: {}

  import-without-cache@0.2.0: {}

  iterare@1.2.1: {}

  jsesc@3.1.0: {}

  load-esm@1.0.3: {}

  magic-string@0.30.21:
    dependencies:
      '@jridgewell/sourcemap-codec': 1.5.5

  math-intrinsics@1.1.0: {}

  ms@2.1.3: {}

  object-inspect@1.13.4: {}

  obug@2.1.1: {}

  pathe@2.0.3: {}

  picomatch-browser@2.2.6: {}

  picomatch@4.0.3: {}

  qs@6.14.0:
    dependencies:
      side-channel: 1.1.0

  quansync@0.2.11: {}

  rate-limiter-flexible@8.3.0: {}

  reflect-metadata@0.2.2: {}

  resolve-pkg-maps@1.0.0: {}

  rolldown-plugin-dts@0.18.1(rolldown@1.0.0-beta.52)(typescript@5.9.3):
    dependencies:
      '@babel/generator': 7.28.5
      '@babel/parser': 7.28.5
      '@babel/types': 7.28.5
      ast-kit: 2.2.0
      birpc: 2.8.0
      dts-resolver: 2.1.3
      get-tsconfig: 4.13.0
      magic-string: 0.30.21
      obug: 2.1.1
      rolldown: 1.0.0-beta.52
    optionalDependencies:
      typescript: 5.9.3
    transitivePeerDependencies:
      - oxc-resolver

  rolldown@1.0.0-beta.52:
    dependencies:
      '@oxc-project/types': 0.99.0
      '@rolldown/pluginutils': 1.0.0-beta.52
    optionalDependencies:
      '@rolldown/binding-android-arm64': 1.0.0-beta.52
      '@rolldown/binding-darwin-arm64': 1.0.0-beta.52
      '@rolldown/binding-darwin-x64': 1.0.0-beta.52
      '@rolldown/binding-freebsd-x64': 1.0.0-beta.52
      '@rolldown/binding-linux-arm-gnueabihf': 1.0.0-beta.52
      '@rolldown/binding-linux-arm64-gnu': 1.0.0-beta.52
      '@rolldown/binding-linux-arm64-musl': 1.0.0-beta.52
      '@rolldown/binding-linux-x64-gnu': 1.0.0-beta.52
      '@rolldown/binding-linux-x64-musl': 1.0.0-beta.52
      '@rolldown/binding-openharmony-arm64': 1.0.0-beta.52
      '@rolldown/binding-wasm32-wasi': 1.0.0-beta.52
      '@rolldown/binding-win32-arm64-msvc': 1.0.0-beta.52
      '@rolldown/binding-win32-ia32-msvc': 1.0.0-beta.52
      '@rolldown/binding-win32-x64-msvc': 1.0.0-beta.52

  rxjs@7.8.2:
    dependencies:
      tslib: 2.8.1

  semver@7.7.3: {}

  side-channel-list@1.0.0:
    dependencies:
      es-errors: 1.3.0
      object-inspect: 1.13.4

  side-channel-map@1.0.1:
    dependencies:
      call-bound: 1.0.4
      es-errors: 1.3.0
      get-intrinsic: 1.3.0
      object-inspect: 1.13.4

  side-channel-weakmap@1.0.2:
    dependencies:
      call-bound: 1.0.4
      es-errors: 1.3.0
      get-intrinsic: 1.3.0
      object-inspect: 1.13.4
      side-channel-map: 1.0.1

  side-channel@1.1.0:
    dependencies:
      es-errors: 1.3.0
      object-inspect: 1.13.4
      side-channel-list: 1.0.0
      side-channel-map: 1.0.1
      side-channel-weakmap: 1.0.2

  strtok3@10.3.4:
    dependencies:
      '@tokenizer/token': 0.3.0

  tinyexec@1.0.2: {}

  tinyglobby@0.2.15:
    dependencies:
      fdir: 6.5.0(picomatch@4.0.3)
      picomatch: 4.0.3

  token-types@6.1.1:
    dependencies:
      '@borewit/text-codec': 0.1.1
      '@tokenizer/token': 0.3.0
      ieee754: 1.2.1

  tree-kill@1.2.2: {}

  tsdown@0.17.0-beta.5(typescript@5.9.3):
    dependencies:
      ansis: 4.2.0
      cac: 6.7.14
      empathic: 2.0.0
      hookable: 5.5.3
      import-without-cache: 0.2.0
      obug: 2.1.1
      rolldown: 1.0.0-beta.52
      rolldown-plugin-dts: 0.18.1(rolldown@1.0.0-beta.52)(typescript@5.9.3)
      semver: 7.7.3
      tinyexec: 1.0.2
      tinyglobby: 0.2.15
      tree-kill: 1.2.2
      unconfig-core: 7.4.1
      unrun: 0.2.15
    optionalDependencies:
      typescript: 5.9.3
    transitivePeerDependencies:
      - '@ts-macro/tsc'
      - '@typescript/native-preview'
      - oxc-resolver
      - synckit
      - vue-tsc

  tslib@2.8.1: {}

  typescript@5.9.3: {}

  uid@2.0.2:
    dependencies:
      '@lukeed/csprng': 1.1.0

  uint8array-extras@1.5.0: {}

  unconfig-core@7.4.1:
    dependencies:
      '@quansync/fs': 0.1.5
      quansync: 0.2.11

  undici-types@7.16.0: {}

  unrun@0.2.15:
    dependencies:
      '@oxc-project/runtime': 0.99.0
      rolldown: 1.0.0-beta.52

  xcase@2.0.1: {}
